
Microsoft Visual Studio Solution File, Format Version 10.00
# Visual Studio 2008
Project("{8BC9CEB8-8B4A-11D0-8D11-00A0C91BC942}") = "OpenEBTS", "OpenEBTS.vcproj", "{2467573B-4701-4AAA-B412-BEDDDBD17AC1}"
	ProjectSection(ProjectDependencies) = postProject
		{32D1AA0E-8B2E-47E5-9365-CB468792745C} = {32D1AA0E-8B2E-47E5-9365-CB468792745C}
		{FE3E0986-0296-4149-A493-9744866B9CB1} = {FE3E0986-0296-4149-A493-9744866B9CB1}
		{B5BA4C8E-D5C5-4951-B525-64F244D96C5A} = {B5BA4C8E-D5C5-4951-B525-64F244D96C5A}
		{3B198BE5-0F9E-4DC8-9451-5C708F09DA00} = {3B198BE5-0F9E-4DC8-9451-5C708F09DA00}
		{6E13FDFD-1F59-4F4A-9CED-61DF31246E5A} = {6E13FDFD-1F59-4F4A-9CED-61DF31246E5A}
	EndProjectSection
EndProject
Project("{2150E333-8FDC-42A3-9474-1A3956D46DE8}") = "Additional Libraries", "Additional Libraries", "{52F85E98-DB21-4F1A-BCF9-327E081028EA}"
EndProject
Project("{8BC9CEB8-8B4A-11D0-8D11-00A0C91BC942}") = "libjasper", "JPEG2000\libjasper\libjasper.vcproj", "{B5BA4C8E-D5C5-4951-B525-64F244D96C5A}"
EndProject
Project("{8BC9CEB8-8B4A-11D0-8D11-00A0C91BC942}") = "libjpeg", "JPEG\libjpeg\libjpeg.vcproj", "{6E13FDFD-1F59-4F4A-9CED-61DF31246E5A}"
EndProject
Project("{8BC9CEB8-8B4A-11D0-8D11-00A0C91BC942}") = "libtiff", "TIFF\libtiff\libtiff.vcproj", "{32D1AA0E-8B2E-47E5-9365-CB468792745C}"
EndProject
Project("{8BC9CEB8-8B4A-11D0-8D11-00A0C91BC942}") = "libwsq", "WSQ\libwsq\libwsq.vcproj", "{FE3E0986-0296-4149-A493-9744866B9CB1}"
EndProject
Project("{8BC9CEB8-8B4A-11D0-8D11-00A0C91BC942}") = "Regex", "Boost\libs\regex\build\Regex.vcproj", "{3B198BE5-0F9E-4DC8-9451-5C708F09DA00}"
EndProject
Project("{2150E333-8FDC-42A3-9474-1A3956D46DE8}") = "Applications and Samples", "Applications and Samples", "{D49DE191-D293-4BB7-A229-0548348A6639}"
EndProject
Project("{8BC9CEB8-8B4A-11D0-8D11-00A0C91BC942}") = "IWNISTEditor", "IWNISTEditor\IWNISTEditor.vcproj", "{127F08A7-A8E9-413A-8681-85809E90FC46}"
	ProjectSection(ProjectDependencies) = postProject
		{2467573B-4701-4AAA-B412-BEDDDBD17AC1} = {2467573B-4701-4AAA-B412-BEDDDBD17AC1}
	EndProjectSection
EndProject
Project("{8BC9CEB8-8B4A-11D0-8D11-00A0C91BC942}") = "IWNISTSample1", "IWNISTSamples\IWNISTSample1\IWNISTSample1.vcproj", "{DF5C7443-7688-4A8D-83A3-7364AD7C822D}"
	ProjectSection(ProjectDependencies) = postProject
		{2467573B-4701-4AAA-B412-BEDDDBD17AC1} = {2467573B-4701-4AAA-B412-BEDDDBD17AC1}
	EndProjectSection
EndProject
Project("{8BC9CEB8-8B4A-11D0-8D11-00A0C91BC942}") = "IWNISTSample2", "IWNISTSamples\IWNISTSample2\IWNISTSample2.vcproj", "{805B3898-9985-47FA-A266-EBF3D1E72B3E}"
	ProjectSection(ProjectDependencies) = postProject
		{2467573B-4701-4AAA-B412-BEDDDBD17AC1} = {2467573B-4701-4AAA-B412-BEDDDBD17AC1}
	EndProjectSection
EndProject
Project("{8BC9CEB8-8B4A-11D0-8D11-00A0C91BC942}") = "IWNISTSample3", "IWNISTSamples\IWNISTSample3\IWNISTSample3.vcproj", "{F6BF1998-33D2-40CB-ADFD-B878F26F178C}"
	ProjectSection(ProjectDependencies) = postProject
		{2467573B-4701-4AAA-B412-BEDDDBD17AC1} = {2467573B-4701-4AAA-B412-BEDDDBD17AC1}
	EndProjectSection
EndProject
Project("{8BC9CEB8-8B4A-11D0-8D11-00A0C91BC942}") = "IWNISTSample4", "IWNISTSamples\IWNISTSample4\IWNISTSample4.vcproj", "{F6BF1998-33D2-40CB-ADFD-B878F26F178D}"
	ProjectSection(ProjectDependencies) = postProject
		{2467573B-4701-4AAA-B412-BEDDDBD17AC1} = {2467573B-4701-4AAA-B412-BEDDDBD17AC1}
	EndProjectSection
EndProject
Global
	GlobalSection(SolutionConfigurationPlatforms) = preSolution
		Debug Unicode|Win32 = Debug Unicode|Win32
		Debug|Win32 = Debug|Win32
		Release Unicode|Win32 = Release Unicode|Win32
		Release|Win32 = Release|Win32
	EndGlobalSection
	GlobalSection(ProjectConfigurationPlatforms) = postSolution
		{2467573B-4701-4AAA-B412-BEDDDBD17AC1}.Debug Unicode|Win32.ActiveCfg = Debug Unicode|Win32
		{2467573B-4701-4AAA-B412-BEDDDBD17AC1}.Debug Unicode|Win32.Build.0 = Debug Unicode|Win32
		{2467573B-4701-4AAA-B412-BEDDDBD17AC1}.Debug|Win32.ActiveCfg = Debug|Win32
		{2467573B-4701-4AAA-B412-BEDDDBD17AC1}.Debug|Win32.Build.0 = Debug|Win32
		{2467573B-4701-4AAA-B412-BEDDDBD17AC1}.Release Unicode|Win32.ActiveCfg = Release Unicode|Win32
		{2467573B-4701-4AAA-B412-BEDDDBD17AC1}.Release Unicode|Win32.Build.0 = Release Unicode|Win32
		{2467573B-4701-4AAA-B412-BEDDDBD17AC1}.Release|Win32.ActiveCfg = Release|Win32
		{2467573B-4701-4AAA-B412-BEDDDBD17AC1}.Release|Win32.Build.0 = Release|Win32
		{B5BA4C8E-D5C5-4951-B525-64F244D96C5A}.Debug Unicode|Win32.ActiveCfg = Debug|Win32
		{B5BA4C8E-D5C5-4951-B525-64F244D96C5A}.Debug Unicode|Win32.Build.0 = Debug|Win32
		{B5BA4C8E-D5C5-4951-B525-64F244D96C5A}.Debug|Win32.ActiveCfg = Debug|Win32
		{B5BA4C8E-D5C5-4951-B525-64F244D96C5A}.Debug|Win32.Build.0 = Debug|Win32
		{B5BA4C8E-D5C5-4951-B525-64F244D96C5A}.Release Unicode|Win32.ActiveCfg = Release|Win32
		{B5BA4C8E-D5C5-4951-B525-64F244D96C5A}.Release Unicode|Win32.Build.0 = Release|Win32
		{B5BA4C8E-D5C5-4951-B525-64F244D96C5A}.Release|Win32.ActiveCfg = Release|Win32
		{B5BA4C8E-D5C5-4951-B525-64F244D96C5A}.Release|Win32.Build.0 = Release|Win32
		{6E13FDFD-1F59-4F4A-9CED-61DF31246E5A}.Debug Unicode|Win32.ActiveCfg = Debug|Win32
		{6E13FDFD-1F59-4F4A-9CED-61DF31246E5A}.Debug Unicode|Win32.Build.0 = Debug|Win32
		{6E13FDFD-1F59-4F4A-9CED-61DF31246E5A}.Debug|Win32.ActiveCfg = Debug|Win32
		{6E13FDFD-1F59-4F4A-9CED-61DF31246E5A}.Debug|Win32.Build.0 = Debug|Win32
		{6E13FDFD-1F59-4F4A-9CED-61DF31246E5A}.Release Unicode|Win32.ActiveCfg = Release|Win32
		{6E13FDFD-1F59-4F4A-9CED-61DF31246E5A}.Release Unicode|Win32.Build.0 = Release|Win32
		{6E13FDFD-1F59-4F4A-9CED-61DF31246E5A}.Release|Win32.ActiveCfg = Release|Win32
		{6E13FDFD-1F59-4F4A-9CED-61DF31246E5A}.Release|Win32.Build.0 = Release|Win32
		{32D1AA0E-8B2E-47E5-9365-CB468792745C}.Debug Unicode|Win32.ActiveCfg = Debug|Win32
		{32D1AA0E-8B2E-47E5-9365-CB468792745C}.Debug Unicode|Win32.Build.0 = Debug|Win32
		{32D1AA0E-8B2E-47E5-9365-CB468792745C}.Debug|Win32.ActiveCfg = Debug|Win32
		{32D1AA0E-8B2E-47E5-9365-CB468792745C}.Debug|Win32.Build.0 = Debug|Win32
		{32D1AA0E-8B2E-47E5-9365-CB468792745C}.Release Unicode|Win32.ActiveCfg = Release|Win32
		{32D1AA0E-8B2E-47E5-9365-CB468792745C}.Release Unicode|Win32.Build.0 = Release|Win32
		{32D1AA0E-8B2E-47E5-9365-CB468792745C}.Release|Win32.ActiveCfg = Release|Win32
		{32D1AA0E-8B2E-47E5-9365-CB468792745C}.Release|Win32.Build.0 = Release|Win32
		{FE3E0986-0296-4149-A493-9744866B9CB1}.Debug Unicode|Win32.ActiveCfg = Debug|Win32
		{FE3E0986-0296-4149-A493-9744866B9CB1}.Debug Unicode|Win32.Build.0 = Debug|Win32
		{FE3E0986-0296-4149-A493-9744866B9CB1}.Debug|Win32.ActiveCfg = Debug|Win32
		{FE3E0986-0296-4149-A493-9744866B9CB1}.Debug|Win32.Build.0 = Debug|Win32
		{FE3E0986-0296-4149-A493-9744866B9CB1}.Release Unicode|Win32.ActiveCfg = Release|Win32
		{FE3E0986-0296-4149-A493-9744866B9CB1}.Release Unicode|Win32.Build.0 = Release|Win32
		{FE3E0986-0296-4149-A493-9744866B9CB1}.Release|Win32.ActiveCfg = Release|Win32
		{FE3E0986-0296-4149-A493-9744866B9CB1}.Release|Win32.Build.0 = Release|Win32
		{3B198BE5-0F9E-4DC8-9451-5C708F09DA00}.Debug Unicode|Win32.ActiveCfg = Debug|Win32
		{3B198BE5-0F9E-4DC8-9451-5C708F09DA00}.Debug Unicode|Win32.Build.0 = Debug|Win32
		{3B198BE5-0F9E-4DC8-9451-5C708F09DA00}.Debug|Win32.ActiveCfg = Debug|Win32
		{3B198BE5-0F9E-4DC8-9451-5C708F09DA00}.Debug|Win32.Build.0 = Debug|Win32
		{3B198BE5-0F9E-4DC8-9451-5C708F09DA00}.Release Unicode|Win32.ActiveCfg = Release|Win32
		{3B198BE5-0F9E-4DC8-9451-5C708F09DA00}.Release Unicode|Win32.Build.0 = Release|Win32
		{3B198BE5-0F9E-4DC8-9451-5C708F09DA00}.Release|Win32.ActiveCfg = Release|Win32
		{3B198BE5-0F9E-4DC8-9451-5C708F09DA00}.Release|Win32.Build.0 = Release|Win32
		{127F08A7-A8E9-413A-8681-85809E90FC46}.Debug Unicode|Win32.ActiveCfg = Debug Unicode|Win32
		{127F08A7-A8E9-413A-8681-85809E90FC46}.Debug Unicode|Win32.Build.0 = Debug Unicode|Win32
		{127F08A7-A8E9-413A-8681-85809E90FC46}.Debug|Win32.ActiveCfg = Debug|Win32
		{127F08A7-A8E9-413A-8681-85809E90FC46}.Debug|Win32.Build.0 = Debug|Win32
		{127F08A7-A8E9-413A-8681-85809E90FC46}.Release Unicode|Win32.ActiveCfg = Release Unicode|Win32
		{127F08A7-A8E9-413A-8681-85809E90FC46}.Release Unicode|Win32.Build.0 = Release Unicode|Win32
		{127F08A7-A8E9-413A-8681-85809E90FC46}.Release|Win32.ActiveCfg = Release|Win32
		{127F08A7-A8E9-413A-8681-85809E90FC46}.Release|Win32.Build.0 = Release|Win32
		{DF5C7443-7688-4A8D-83A3-7364AD7C822D}.Debug Unicode|Win32.ActiveCfg = Debug Unicode|Win32
		{DF5C7443-7688-4A8D-83A3-7364AD7C822D}.Debug Unicode|Win32.Build.0 = Debug Unicode|Win32
		{DF5C7443-7688-4A8D-83A3-7364AD7C822D}.Debug|Win32.ActiveCfg = Debug|Win32
		{DF5C7443-7688-4A8D-83A3-7364AD7C822D}.Debug|Win32.Build.0 = Debug|Win32
		{DF5C7443-7688-4A8D-83A3-7364AD7C822D}.Release Unicode|Win32.ActiveCfg = Release Unicode|Win32
		{DF5C7443-7688-4A8D-83A3-7364AD7C822D}.Release Unicode|Win32.Build.0 = Release Unicode|Win32
		{DF5C7443-7688-4A8D-83A3-7364AD7C822D}.Release|Win32.ActiveCfg = Release|Win32
		{DF5C7443-7688-4A8D-83A3-7364AD7C822D}.Release|Win32.Build.0 = Release|Win32
		{805B3898-9985-47FA-A266-EBF3D1E72B3E}.Debug Unicode|Win32.ActiveCfg = Debug Unicode|Win32
		{805B3898-9985-47FA-A266-EBF3D1E72B3E}.Debug Unicode|Win32.Build.0 = Debug Unicode|Win32
		{805B3898-9985-47FA-A266-EBF3D1E72B3E}.Debug|Win32.ActiveCfg = Debug|Win32
		{805B3898-9985-47FA-A266-EBF3D1E72B3E}.Debug|Win32.Build.0 = Debug|Win32
		{805B3898-9985-47FA-A266-EBF3D1E72B3E}.Release Unicode|Win32.ActiveCfg = Release Unicode|Win32
		{805B3898-9985-47FA-A266-EBF3D1E72B3E}.Release Unicode|Win32.Build.0 = Release Unicode|Win32
		{805B3898-9985-47FA-A266-EBF3D1E72B3E}.Release|Win32.ActiveCfg = Release|Win32
		{805B3898-9985-47FA-A266-EBF3D1E72B3E}.Release|Win32.Build.0 = Release|Win32
		{F6BF1998-33D2-40CB-ADFD-B878F26F178C}.Debug Unicode|Win32.ActiveCfg = Debug Unicode|Win32
		{F6BF1998-33D2-40CB-ADFD-B878F26F178C}.Debug Unicode|Win32.Build.0 = Debug Unicode|Win32
		{F6BF1998-33D2-40CB-ADFD-B878F26F178C}.Debug|Win32.ActiveCfg = Debug|Win32
		{F6BF1998-33D2-40CB-ADFD-B878F26F178C}.Debug|Win32.Build.0 = Debug|Win32
		{F6BF1998-33D2-40CB-ADFD-B878F26F178C}.Release Unicode|Win32.ActiveCfg = Release Unicode|Win32
		{F6BF1998-33D2-40CB-ADFD-B878F26F178C}.Release Unicode|Win32.Build.0 = Release Unicode|Win32
		{F6BF1998-33D2-40CB-ADFD-B878F26F178C}.Release|Win32.ActiveCfg = Release|Win32
		{F6BF1998-33D2-40CB-ADFD-B878F26F178C}.Release|Win32.Build.0 = Release|Win32
		{F6BF1998-33D2-40CB-ADFD-B878F26F178D}.Debug Unicode|Win32.ActiveCfg = Debug Unicode|Win32
		{F6BF1998-33D2-40CB-ADFD-B878F26F178D}.Debug Unicode|Win32.Build.0 = Debug Unicode|Win32
		{F6BF1998-33D2-40CB-ADFD-B878F26F178D}.Debug|Win32.ActiveCfg = Debug|Win32
		{F6BF1998-33D2-40CB-ADFD-B878F26F178D}.Debug|Win32.Build.0 = Debug|Win32
		{F6BF1998-33D2-40CB-ADFD-B878F26F178D}.Release Unicode|Win32.ActiveCfg = Release Unicode|Win32
		{F6BF1998-33D2-40CB-ADFD-B878F26F178D}.Release Unicode|Win32.Build.0 = Release Unicode|Win32
		{F6BF1998-33D2-40CB-ADFD-B878F26F178D}.Release|Win32.ActiveCfg = Release|Win32
		{F6BF1998-33D2-40CB-ADFD-B878F26F178D}.Release|Win32.Build.0 = Release|Win32
	EndGlobalSection
	GlobalSection(SolutionProperties) = preSolution
		HideSolutionNode = FALSE
	EndGlobalSection
	GlobalSection(NestedProjects) = preSolution
		{B5BA4C8E-D5C5-4951-B525-64F244D96C5A} = {52F85E98-DB21-4F1A-BCF9-327E081028EA}
		{6E13FDFD-1F59-4F4A-9CED-61DF31246E5A} = {52F85E98-DB21-4F1A-BCF9-327E081028EA}
		{32D1AA0E-8B2E-47E5-9365-CB468792745C} = {52F85E98-DB21-4F1A-BCF9-327E081028EA}
		{FE3E0986-0296-4149-A493-9744866B9CB1} = {52F85E98-DB21-4F1A-BCF9-327E081028EA}
		{3B198BE5-0F9E-4DC8-9451-5C708F09DA00} = {52F85E98-DB21-4F1A-BCF9-327E081028EA}
		{127F08A7-A8E9-413A-8681-85809E90FC46} = {D49DE191-D293-4BB7-A229-0548348A6639}
		{DF5C7443-7688-4A8D-83A3-7364AD7C822D} = {D49DE191-D293-4BB7-A229-0548348A6639}
		{805B3898-9985-47FA-A266-EBF3D1E72B3E} = {D49DE191-D293-4BB7-A229-0548348A6639}
		{F6BF1998-33D2-40CB-ADFD-B878F26F178C} = {D49DE191-D293-4BB7-A229-0548348A6639}
		{F6BF1998-33D2-40CB-ADFD-B878F26F178D} = {D49DE191-D293-4BB7-A229-0548348A6639}
	EndGlobalSection
EndGlobal
